
Microsoft Visual Studio Solution File, Format Version 12.00
Project("{FAE04EC0-301F-11D3-BF4B-00C04F79EFBC}") = "Movies.Api", "Movies.Api\Movies.Api.csproj", "{BE408AC4-9845-4DB8-A251-9054E16B16BE}"
EndProject
Project("{FAE04EC0-301F-11D3-BF4B-00C04F79EFBC}") = "Movies.Application", "Movies.Application\Movies.Application.csproj", "{86B6C6A7-8B78-46B0-A1C3-648E0808C0B7}"
EndProject
Project("{FAE04EC0-301F-11D3-BF4B-00C04F79EFBC}") = "Movies.Contracts", "Movies.Contracts\Movies.Contracts.csproj", "{2F8D96E1-4245-458F-BBD7-057CBB1C8921}"
EndProject
Project("{FAE04EC0-301F-11D3-BF4B-00C04F79EFBC}") = "Identity.Api", "Helpers\Identity.Api\Identity.Api.csproj", "{1C5AC13F-58F6-4A1E-AB53-322EB6D0DF51}"
EndProject
Project("{FAE04EC0-301F-11D3-BF4B-00C04F79EFBC}") = "Movies.Api.Sdk", "Movies.Api.Sdk\Movies.Api.Sdk.csproj", "{13689B4F-1CD0-4CC2-934A-542D71A71080}"
EndProject
Project("{FAE04EC0-301F-11D3-BF4B-00C04F79EFBC}") = "Movies.Api.Sdk.Consumer", "Movies.Api.Sdk.Consumer\Movies.Api.Sdk.Consumer.csproj", "{D21F79A6-46E1-495B-A01D-A98584151BEE}"
EndProject
Global
	GlobalSection(SolutionConfigurationPlatforms) = preSolution
		Debug|Any CPU = Debug|Any CPU
		Release|Any CPU = Release|Any CPU
	EndGlobalSection
	GlobalSection(ProjectConfigurationPlatforms) = postSolution
		{BE408AC4-9845-4DB8-A251-9054E16B16BE}.Debug|Any CPU.ActiveCfg = Debug|Any CPU
		{BE408AC4-9845-4DB8-A251-9054E16B16BE}.Debug|Any CPU.Build.0 = Debug|Any CPU
		{BE408AC4-9845-4DB8-A251-9054E16B16BE}.Release|Any CPU.ActiveCfg = Release|Any CPU
		{BE408AC4-9845-4DB8-A251-9054E16B16BE}.Release|Any CPU.Build.0 = Release|Any CPU
		{86B6C6A7-8B78-46B0-A1C3-648E0808C0B7}.Debug|Any CPU.ActiveCfg = Debug|Any CPU
		{86B6C6A7-8B78-46B0-A1C3-648E0808C0B7}.Debug|Any CPU.Build.0 = Debug|Any CPU
		{86B6C6A7-8B78-46B0-A1C3-648E0808C0B7}.Release|Any CPU.ActiveCfg = Release|Any CPU
		{86B6C6A7-8B78-46B0-A1C3-648E0808C0B7}.Release|Any CPU.Build.0 = Release|Any CPU
		{2F8D96E1-4245-458F-BBD7-057CBB1C8921}.Debug|Any CPU.ActiveCfg = Debug|Any CPU
		{2F8D96E1-4245-458F-BBD7-057CBB1C8921}.Debug|Any CPU.Build.0 = Debug|Any CPU
		{2F8D96E1-4245-458F-BBD7-057CBB1C8921}.Release|Any CPU.ActiveCfg = Release|Any CPU
		{2F8D96E1-4245-458F-BBD7-057CBB1C8921}.Release|Any CPU.Build.0 = Release|Any CPU
		{1C5AC13F-58F6-4A1E-AB53-322EB6D0DF51}.Debug|Any CPU.ActiveCfg = Debug|Any CPU
		{1C5AC13F-58F6-4A1E-AB53-322EB6D0DF51}.Debug|Any CPU.Build.0 = Debug|Any CPU
		{1C5AC13F-58F6-4A1E-AB53-322EB6D0DF51}.Release|Any CPU.ActiveCfg = Release|Any CPU
		{1C5AC13F-58F6-4A1E-AB53-322EB6D0DF51}.Release|Any CPU.Build.0 = Release|Any CPU
		{13689B4F-1CD0-4CC2-934A-542D71A71080}.Debug|Any CPU.ActiveCfg = Debug|Any CPU
		{13689B4F-1CD0-4CC2-934A-542D71A71080}.Debug|Any CPU.Build.0 = Debug|Any CPU
		{13689B4F-1CD0-4CC2-934A-542D71A71080}.Release|Any CPU.ActiveCfg = Release|Any CPU
		{13689B4F-1CD0-4CC2-934A-542D71A71080}.Release|Any CPU.Build.0 = Release|Any CPU
		{D21F79A6-46E1-495B-A01D-A98584151BEE}.Debug|Any CPU.ActiveCfg = Debug|Any CPU
		{D21F79A6-46E1-495B-A01D-A98584151BEE}.Debug|Any CPU.Build.0 = Debug|Any CPU
		{D21F79A6-46E1-495B-A01D-A98584151BEE}.Release|Any CPU.ActiveCfg = Release|Any CPU
		{D21F79A6-46E1-495B-A01D-A98584151BEE}.Release|Any CPU.Build.0 = Release|Any CPU
	EndGlobalSection
EndGlobal
